
Microsoft Visual Studio Solution File, Format Version 12.00
# Visual Studio Version 17
VisualStudioVersion = 17.6.33723.286
MinimumVisualStudioVersion = 10.0.40219.1
Project("{9A19103F-16F7-4668-BE54-9A1E7A4F7556}") = "DominioHospedaje", "DominioHospedaje\DominioHospedaje.csproj", "{5939BAA2-E51D-47A8-8240-ACEC839EB6D2}"
EndProject
Project("{9A19103F-16F7-4668-BE54-9A1E7A4F7556}") = "Restaurant.SharedKernel", "..\ms2023-restaurant-sharedkernel-main\ms2023-restaurant-sharedkernel-main\Restaurant.SharedKernel\Restaurant.SharedKernel.csproj", "{9E03FF11-59A5-4479-98B8-A8E3F7DA7CFC}"
EndProject
Global
	GlobalSection(SolutionConfigurationPlatforms) = preSolution
		Debug|Any CPU = Debug|Any CPU
		Release|Any CPU = Release|Any CPU
	EndGlobalSection
	GlobalSection(ProjectConfigurationPlatforms) = postSolution
		{5939BAA2-E51D-47A8-8240-ACEC839EB6D2}.Debug|Any CPU.ActiveCfg = Debug|Any CPU
		{5939BAA2-E51D-47A8-8240-ACEC839EB6D2}.Debug|Any CPU.Build.0 = Debug|Any CPU
		{5939BAA2-E51D-47A8-8240-ACEC839EB6D2}.Release|Any CPU.ActiveCfg = Release|Any CPU
		{5939BAA2-E51D-47A8-8240-ACEC839EB6D2}.Release|Any CPU.Build.0 = Release|Any CPU
		{9E03FF11-59A5-4479-98B8-A8E3F7DA7CFC}.Debug|Any CPU.ActiveCfg = Debug|Any CPU
		{9E03FF11-59A5-4479-98B8-A8E3F7DA7CFC}.Debug|Any CPU.Build.0 = Debug|Any CPU
		{9E03FF11-59A5-4479-98B8-A8E3F7DA7CFC}.Release|Any CPU.ActiveCfg = Release|Any CPU
		{9E03FF11-59A5-4479-98B8-A8E3F7DA7CFC}.Release|Any CPU.Build.0 = Release|Any CPU
	EndGlobalSection
	GlobalSection(SolutionProperties) = preSolution
		HideSolutionNode = FALSE
	EndGlobalSection
	GlobalSection(ExtensibilityGlobals) = postSolution
		SolutionGuid = {F4E46759-5A5B-4FFF-90CF-93163CEABF7F}
	EndGlobalSection
EndGlobal
